<Solution>
  <Folder Name="/Solution Items/">
    <File Path=".github/renovate.json" />
    <File Path=".github/workflows/cicd.yaml" />
    <File Path=".github/workflows/pr.yaml" />
    <File Path=".releaserc.json" />
    <File Path="global.json" />
  </Folder>
  <Project Path="src/DataProtection.Kubernetes/DataProtection.Kubernetes.csproj" />
  <Project Path="tests/DataProtection.Kubernetes.Tests/DataProtection.Kubernetes.Tests.csproj" />
</Solution>
